// !$*UTF8*$!
{
	archiveVersion = 1;
	classes = {
	};
	objectVersion = 48;
	objects = {

/* Begin PBXBuildFile section */
		D6C35FCE202D58A100E97652 /* AppDelegate.swift in Sources */ = {isa = PBXBuildFile; fileRef = D6C35FCD202D58A100E97652 /* AppDelegate.swift */; };
		D6C35FD0202D58A100E97652 /* ViewController.swift in Sources */ = {isa = PBXBuildFile; fileRef = D6C35FCF202D58A100E97652 /* ViewController.swift */; };
		D6C35FD3202D58A100E97652 /* Main.storyboard in Resources */ = {isa = PBXBuildFile; fileRef = D6C35FD1202D58A100E97652 /* Main.storyboard */; };
		D6C35FD5202D58A100E97652 /* Assets.xcassets in Resources */ = {isa = PBXBuildFile; fileRef = D6C35FD4202D58A100E97652 /* Assets.xcassets */; };
		D6C35FD8202D58A100E97652 /* LaunchScreen.storyboard in Resources */ = {isa = PBXBuildFile; fileRef = D6C35FD6202D58A100E97652 /* LaunchScreen.storyboard */; };
		D6C35FE3202D58A200E97652 /* Text_Back_App__Free_Tests.swift in Sources */ = {isa = PBXBuildFile; fileRef = D6C35FE2202D58A200E97652 /* Text_Back_App__Free_Tests.swift */; };
		D6C35FEE202D58A200E97652 /* Text_Back_App__Free_UITests.swift in Sources */ = {isa = PBXBuildFile; fileRef = D6C35FED202D58A200E97652 /* Text_Back_App__Free_UITests.swift */; };
/* End PBXBuildFile section */

/* Begin PBXContainerItemProxy section */
		D6C35FDF202D58A200E97652 /* PBXContainerItemProxy */ = {
			isa = PBXContainerItemProxy;
			containerPortal = D6C35FC2202D58A100E97652 /* Project object */;
			proxyType = 1;
			remoteGlobalIDString = D6C35FC9202D58A100E97652;
			remoteInfo = "Text Back App (Free)";
		};
		D6C35FEA202D58A200E97652 /* PBXContainerItemProxy */ = {
			isa = PBXContainerItemProxy;
			containerPortal = D6C35FC2202D58A100E97652 /* Project object */;
			proxyType = 1;
			remoteGlobalIDString = D6C35FC9202D58A100E97652;
			remoteInfo = "Text Back App (Free)";
		};
/* End PBXContainerItemProxy section */

/* Begin PBXFileReference section */
		D6C35FCA202D58A100E97652 /* Text Back App (Free).app */ = {isa = PBXFileReference; explicitFileType = wrapper.application; includeInIndex = 0; path = "Text Back App (Free).app"; sourceTree = BUILT_PRODUCTS_DIR; };
		D6C35FCD202D58A100E97652 /* AppDelegate.swift */ = {isa = PBXFileReference; lastKnownFileType = sourcecode.swift; path = AppDelegate.swift; sourceTree = "<group>"; };
		D6C35FCF202D58A100E97652 /* ViewController.swift */ = {isa = PBXFileReference; lastKnownFileType = sourcecode.swift; path = ViewController.swift; sourceTree = "<group>"; };
		D6C35FD2202D58A100E97652 /* Base */ = {isa = PBXFileReference; lastKnownFileType = file.storyboard; name = Base; path = Base.lproj/Main.storyboard; sourceTree = "<group>"; };
		D6C35FD4202D58A100E97652 /* Assets.xcassets */ = {isa = PBXFileReference; lastKnownFileType = folder.assetcatalog; path = Assets.xcassets; sourceTree = "<group>"; };
		D6C35FD7202D58A100E97652 /* Base */ = {isa = PBXFileReference; lastKnownFileType = file.storyboard; name = Base; path = Base.lproj/LaunchScreen.storyboard; sourceTree = "<group>"; };
		D6C35FD9202D58A100E97652 /* Info.plist */ = {isa = PBXFileReference; lastKnownFileType = text.plist.xml; path = Info.plist; sourceTree = "<group>"; };
		D6C35FDE202D58A200E97652 /* Text Back App (Free)Tests.xctest */ = {isa = PBXFileReference; explicitFileType = wrapper.cfbundle; includeInIndex = 0; path = "Text Back App (Free)Tests.xctest"; sourceTree = BUILT_PRODUCTS_DIR; };
		D6C35FE2202D58A200E97652 /* Text_Back_App__Free_Tests.swift */ = {isa = PBXFileReference; lastKnownFileType = sourcecode.swift; path = Text_Back_App__Free_Tests.swift; sourceTree = "<group>"; };
		D6C35FE4202D58A200E97652 /* Info.plist */ = {isa = PBXFileReference; lastKnownFileType = text.plist.xml; path = Info.plist; sourceTree = "<group>"; };
		D6C35FE9202D58A200E97652 /* Text Back App (Free)UITests.xctest */ = {isa = PBXFileReference; explicitFileType = wrapper.cfbundle; includeInIndex = 0; path = "Text Back App (Free)UITests.xctest"; sourceTree = BUILT_PRODUCTS_DIR; };
		D6C35FED202D58A200E97652 /* Text_Back_App__Free_UITests.swift */ = {isa = PBXFileReference; lastKnownFileType = sourcecode.swift; path = Text_Back_App__Free_UITests.swift; sourceTree = "<group>"; };
		D6C35FEF202D58A200E97652 /* Info.plist */ = {isa = PBXFileReference; lastKnownFileType = text.plist.xml; path = Info.plist; sourceTree = "<group>"; };
/* End PBXFileReference section */

/* Begin PBXFrameworksBuildPhase section */
		D6C35FC7202D58A100E97652 /* Frameworks */ = {
			isa = PBXFrameworksBuildPhase;
			buildActionMask = 2147483647;
			files = (
			);
			runOnlyForDeploymentPostprocessing = 0;
		};
		D6C35FDB202D58A200E97652 /* Frameworks */ = {
			isa = PBXFrameworksBuildPhase;
			buildActionMask = 2147483647;
			files = (
			);
			runOnlyForDeploymentPostprocessing = 0;
		};
		D6C35FE6202D58A200E97652 /* Frameworks */ = {
			isa = PBXFrameworksBuildPhase;
			buildActionMask = 2147483647;
			files = (
			);
			runOnlyForDeploymentPostprocessing = 0;
		};
/* End PBXFrameworksBuildPhase section */

/* Begin PBXGroup section */
		D6C35FC1202D58A100E97652 = {
			isa = PBXGroup;
			children = (
				D6C35FCC202D58A100E97652 /* Text Back App (Free) */,
				D6C35FE1202D58A200E97652 /* Text Back App (Free)Tests */,
				D6C35FEC202D58A200E97652 /* Text Back App (Free)UITests */,
				D6C35FCB202D58A100E97652 /* Products */,
			);
			sourceTree = "<group>";
		};
		D6C35FCB202D58A100E97652 /* Products */ = {
			isa = PBXGroup;
			children = (
				D6C35FCA202D58A100E97652 /* Text Back App (Free).app */,
				D6C35FDE202D58A200E97652 /* Text Back App (Free)Tests.xctest */,
				D6C35FE9202D58A200E97652 /* Text Back App (Free)UITests.xctest */,
			);
			name = Products;
			sourceTree = "<group>";
		};
		D6C35FCC202D58A100E97652 /* Text Back App (Free) */ = {
			isa = PBXGroup;
			children = (
				D6C35FCD202D58A100E97652 /* AppDelegate.swift */,
				D6C35FCF202D58A100E97652 /* ViewController.swift */,
				D6C35FD1202D58A100E97652 /* Main.storyboard */,
				D6C35FD4202D58A100E97652 /* Assets.xcassets */,
				D6C35FD6202D58A100E97652 /* LaunchScreen.storyboard */,
				D6C35FD9202D58A100E97652 /* Info.plist */,
			);
			path = "Text Back App (Free)";
			sourceTree = "<group>";
		};
		D6C35FE1202D58A200E97652 /* Text Back App (Free)Tests */ = {
			isa = PBXGroup;
			children = (
				D6C35FE2202D58A200E97652 /* Text_Back_App__Free_Tests.swift */,
				D6C35FE4202D58A200E97652 /* Info.plist */,
			);
			path = "Text Back App (Free)Tests";
			sourceTree = "<group>";
		};
		D6C35FEC202D58A200E97652 /* Text Back App (Free)UITests */ = {
			isa = PBXGroup;
			children = (
				D6C35FED202D58A200E97652 /* Text_Back_App__Free_UITests.swift */,
				D6C35FEF202D58A200E97652 /* Info.plist */,
			);
			path = "Text Back App (Free)UITests";
			sourceTree = "<group>";
		};
/* End PBXGroup section */

/* Begin PBXNativeTarget section */
		D6C35FC9202D58A100E97652 /* Text Back App (Free) */ = {
			isa = PBXNativeTarget;
			buildConfigurationList = D6C35FF2202D58A200E97652 /* Build configuration list for PBXNativeTarget "Text Back App (Free)" */;
			buildPhases = (
				D6C35FC6202D58A100E97652 /* Sources */,
				D6C35FC7202D58A100E97652 /* Frameworks */,
				D6C35FC8202D58A100E97652 /* Resources */,
			);
			buildRules = (
			);
			dependencies = (
			);
			name = "Text Back App (Free)";
			productName = "Text Back App (Free)";
			productReference = D6C35FCA202D58A100E97652 /* Text Back App (Free).app */;
			productType = "com.apple.product-type.application";
		};
		D6C35FDD202D58A200E97652 /* Text Back App (Free)Tests */ = {
			isa = PBXNativeTarget;
			buildConfigurationList = D6C35FF5202D58A200E97652 /* Build configuration list for PBXNativeTarget "Text Back App (Free)Tests" */;
			buildPhases = (
				D6C35FDA202D58A200E97652 /* Sources */,
				D6C35FDB202D58A200E97652 /* Frameworks */,
				D6C35FDC202D58A200E97652 /* Resources */,
			);
			buildRules = (
			);
			dependencies = (
				D6C35FE0202D58A200E97652 /* PBXTargetDependency */,
			);
			name = "Text Back App (Free)Tests";
			productName = "Text Back App (Free)Tests";
			productReference = D6C35FDE202D58A200E97652 /* Text Back App (Free)Tests.xctest */;
			productType = "com.apple.product-type.bundle.unit-test";
		};
		D6C35FE8202D58A200E97652 /* Text Back App (Free)UITests */ = {
			isa = PBXNativeTarget;
			buildConfigurationList = D6C35FF8202D58A200E97652 /* Build configuration list for PBXNativeTarget "Text Back App (Free)UITests" */;
			buildPhases = (
				D6C35FE5202D58A200E97652 /* Sources */,
				D6C35FE6202D58A200E97652 /* Frameworks */,
				D6C35FE7202D58A200E97652 /* Resources */,
			);
			buildRules = (
			);
			dependencies = (
				D6C35FEB202D58A200E97652 /* PBXTargetDependency */,
			);
			name = "Text Back App (Free)UITests";
			productName = "Text Back App (Free)UITests";
			productReference = D6C35FE9202D58A200E97652 /* Text Back App (Free)UITests.xctest */;
			productType = "com.apple.product-type.bundle.ui-testing";
		};
/* End PBXNativeTarget section */

/* Begin PBXProject section */
		D6C35FC2202D58A100E97652 /* Project object */ = {
			isa = PBXProject;
			attributes = {
				LastSwiftUpdateCheck = 0910;
				LastUpgradeCheck = 0910;
				ORGANIZATIONNAME = Hackintosh;
				TargetAttributes = {
					D6C35FC9202D58A100E97652 = {
						CreatedOnToolsVersion = 9.1;
						ProvisioningStyle = Automatic;
					};
					D6C35FDD202D58A200E97652 = {
						CreatedOnToolsVersion = 9.1;
						ProvisioningStyle = Automatic;
						TestTargetID = D6C35FC9202D58A100E97652;
					};
					D6C35FE8202D58A200E97652 = {
						CreatedOnToolsVersion = 9.1;
						ProvisioningStyle = Automatic;
						TestTargetID = D6C35FC9202D58A100E97652;
					};
				};
			};
			buildConfigurationList = D6C35FC5202D58A100E97652 /* Build configuration list for PBXProject "Text Back App (Free)" */;
			compatibilityVersion = "Xcode 8.0";
			developmentRegion = en;
			hasScannedForEncodings = 0;
			knownRegions = (
				en,
				Base,
			);
			mainGroup = D6C35FC1202D58A100E97652;
			productRefGroup = D6C35FCB202D58A100E97652 /* Products */;
			projectDirPath = "";
			projectRoot = "";
			targets = (
				D6C35FC9202D58A100E97652 /* Text Back App (Free) */,
				D6C35FDD202D58A200E97652 /* Text Back App (Free)Tests */,
				D6C35FE8202D58A200E97652 /* Text Back App (Free)UITests */,
			);
		};
/* End PBXProject section */

/* Begin PBXResourcesBuildPhase section */
		D6C35FC8202D58A100E97652 /* Resources */ = {
			isa = PBXResourcesBuildPhase;
			buildActionMask = 2147483647;
			files = (
				D6C35FD8202D58A100E97652 /* LaunchScreen.storyboard in Resources */,
				D6C35FD5202D58A100E97652 /* Assets.xcassets in Resources */,
				D6C35FD3202D58A100E97652 /* Main.storyboard in Resources */,
			);
			runOnlyForDeploymentPostprocessing = 0;
		};
		D6C35FDC202D58A200E97652 /* Resources */ = {
			isa = PBXResourcesBuildPhase;
			buildActionMask = 2147483647;
			files = (
			);
			runOnlyForDeploymentPostprocessing = 0;
		};
		D6C35FE7202D58A200E97652 /* Resources */ = {
			isa = PBXResourcesBuildPhase;
			buildActionMask = 2147483647;
			files = (
			);
			runOnlyForDeploymentPostprocessing = 0;
		};
/* End PBXResourcesBuildPhase section */

/* Begin PBXSourcesBuildPhase section */
		D6C35FC6202D58A100E97652 /* Sources */ = {
			isa = PBXSourcesBuildPhase;
			buildActionMask = 2147483647;
			files = (
				D6C35FD0202D58A100E97652 /* ViewController.swift in Sources */,
				D6C35FCE202D58A100E97652 /* AppDelegate.swift in Sources */,
			);
			runOnlyForDeploymentPostprocessing = 0;
		};
		D6C35FDA202D58A200E97652 /* Sources */ = {
			isa = PBXSourcesBuildPhase;
			buildActionMask = 2147483647;
			files = (
				D6C35FE3202D58A200E97652 /* Text_Back_App__Free_Tests.swift in Sources */,
			);
			runOnlyForDeploymentPostprocessing = 0;
		};
		D6C35FE5202D58A200E97652 /* Sources */ = {
			isa = PBXSourcesBuildPhase;
			buildActionMask = 2147483647;
			files = (
				D6C35FEE202D58A200E97652 /* Text_Back_App__Free_UITests.swift in Sources */,
			);
			runOnlyForDeploymentPostprocessing = 0;
		};
/* End PBXSourcesBuildPhase section */

/* Begin PBXTargetDependency section */
		D6C35FE0202D58A200E97652 /* PBXTargetDependency */ = {
			isa = PBXTargetDependency;
			target = D6C35FC9202D58A100E97652 /* Text Back App (Free) */;
			targetProxy = D6C35FDF202D58A200E97652 /* PBXContainerItemProxy */;
		};
		D6C35FEB202D58A200E97652 /* PBXTargetDependency */ = {
			isa = PBXTargetDependency;
			target = D6C35FC9202D58A100E97652 /* Text Back App (Free) */;
			targetProxy = D6C35FEA202D58A200E97652 /* PBXContainerItemProxy */;
		};
/* End PBXTargetDependency section */

/* Begin PBXVariantGroup section */
		D6C35FD1202D58A100E97652 /* Main.storyboard */ = {
			isa = PBXVariantGroup;
			children = (
				D6C35FD2202D58A100E97652 /* Base */,
			);
			name = Main.storyboard;
			sourceTree = "<group>";
		};
		D6C35FD6202D58A100E97652 /* LaunchScreen.storyboard */ = {
			isa = PBXVariantGroup;
			children = (
				D6C35FD7202D58A100E97652 /* Base */,
			);
			name = LaunchScreen.storyboard;
			sourceTree = "<group>";
		};
/* End PBXVariantGroup section */

/* Begin XCBuildConfiguration section */
		D6C35FF0202D58A200E97652 /* Debug */ = {
			isa = XCBuildConfiguration;
			buildSettings = {
				ALWAYS_SEARCH_USER_PATHS = NO;
				CLANG_ANALYZER_NONNULL = YES;
				CLANG_ANALYZER_NUMBER_OBJECT_CONVERSION = YES_AGGRESSIVE;
				CLANG_CXX_LANGUAGE_STANDARD = "gnu++14";
				CLANG_CXX_LIBRARY = "libc++";
				CLANG_ENABLE_MODULES = YES;
				CLANG_ENABLE_OBJC_ARC = YES;
				CLANG_WARN_BLOCK_CAPTURE_AUTORELEASING = YES;
				CLANG_WARN_BOOL_CONVERSION = YES;
				CLANG_WARN_COMMA = YES;
				CLANG_WARN_CONSTANT_CONVERSION = YES;
				CLANG_WARN_DIRECT_OBJC_ISA_USAGE = YES_ERROR;
				CLANG_WARN_DOCUMENTATION_COMMENTS = YES;
				CLANG_WARN_EMPTY_BODY = YES;
				CLANG_WARN_ENUM_CONVERSION = YES;
				CLANG_WARN_INFINITE_RECURSION = YES;
				CLANG_WARN_INT_CONVERSION = YES;
				CLANG_WARN_NON_LITERAL_NULL_CONVERSION = YES;
				CLANG_WARN_OBJC_LITERAL_CONVERSION = YES;
				CLANG_WARN_OBJC_ROOT_CLASS = YES_ERROR;
				CLANG_WARN_RANGE_LOOP_ANALYSIS = YES;
				CLANG_WARN_STRICT_PROTOTYPES = YES;
				CLANG_WARN_SUSPICIOUS_MOVE = YES;
				CLANG_WARN_UNGUARDED_AVAILABILITY = YES_AGGRESSIVE;
				CLANG_WARN_UNREACHABLE_CODE = YES;
				CLANG_WARN__DUPLICATE_METHOD_MATCH = YES;
				CODE_SIGN_IDENTITY = "iPhone Developer";
				COPY_PHASE_STRIP = NO;
				DEBUG_INFORMATION_FORMAT = dwarf;
				ENABLE_STRICT_OBJC_MSGSEND = YES;
				ENABLE_TESTABILITY = YES;
				GCC_C_LANGUAGE_STANDARD = gnu11;
				GCC_DYNAMIC_NO_PIC = NO;
				GCC_NO_COMMON_BLOCKS = YES;
				GCC_OPTIMIZATION_LEVEL = 0;
				GCC_PREPROCESSOR_DEFINITIONS = (
					"DEBUG=1",
					"$(inherited)",
				);
				GCC_WARN_64_TO_32_BIT_CONVERSION = YES;
				GCC_WARN_ABOUT_RETURN_TYPE = YES_ERROR;
				GCC_WARN_UNDECLARED_SELECTOR = YES;
				GCC_WARN_UNINITIALIZED_AUTOS = YES_AGGRESSIVE;
				GCC_WARN_UNUSED_FUNCTION = YES;
				GCC_WARN_UNUSED_VARIABLE = YES;
				IPHONEOS_DEPLOYMENT_TARGET = 11.1;
				MTL_ENABLE_DEBUG_INFO = YES;
				ONLY_ACTIVE_ARCH = YES;
				SDKROOT = iphoneos;
				SWIFT_ACTIVE_COMPILATION_CONDITIONS = DEBUG;
				SWIFT_OPTIMIZATION_LEVEL = "-Onone";
			};
			name = Debug;
		};
		D6C35FF1202D58A200E97652 /* Release */ = {
			isa = XCBuildConfiguration;
			buildSettings = {
				ALWAYS_SEARCH_USER_PATHS = NO;
				CLANG_ANALYZER_NONNULL = YES;
				CLANG_ANALYZER_NUMBER_OBJECT_CONVERSION = YES_AGGRESSIVE;
				CLANG_CXX_LANGUAGE_STANDARD = "gnu++14";
				CLANG_CXX_LIBRARY = "libc++";
				CLANG_ENABLE_MODULES = YES;
				CLANG_ENABLE_OBJC_ARC = YES;
				CLANG_WARN_BLOCK_CAPTURE_AUTORELEASING = YES;
				CLANG_WARN_BOOL_CONVERSION = YES;
				CLANG_WARN_COMMA = YES;
				CLANG_WARN_CONSTANT_CONVERSION = YES;
				CLANG_WARN_DIRECT_OBJC_ISA_USAGE = YES_ERROR;
				CLANG_WARN_DOCUMENTATION_COMMENTS = YES;
				CLANG_WARN_EMPTY_BODY = YES;
				CLANG_WARN_ENUM_CONVERSION = YES;
				CLANG_WARN_INFINITE_RECURSION = YES;
				CLANG_WARN_INT_CONVERSION = YES;
				CLANG_WARN_NON_LITERAL_NULL_CONVERSION = YES;
				CLANG_WARN_OBJC_LITERAL_CONVERSION = YES;
				CLANG_WARN_OBJC_ROOT_CLASS = YES_ERROR;
				CLANG_WARN_RANGE_LOOP_ANALYSIS = YES;
				CLANG_WARN_STRICT_PROTOTYPES = YES;
				CLANG_WARN_SUSPICIOUS_MOVE = YES;
				CLANG_WARN_UNGUARDED_AVAILABILITY = YES_AGGRESSIVE;
				CLANG_WARN_UNREACHABLE_CODE = YES;
				CLANG_WARN__DUPLICATE_METHOD_MATCH = YES;
				CODE_SIGN_IDENTITY = "iPhone Developer";
				COPY_PHASE_STRIP = NO;
				DEBUG_INFORMATION_FORMAT = "dwarf-with-dsym";
				ENABLE_NS_ASSERTIONS = NO;
				ENABLE_STRICT_OBJC_MSGSEND = YES;
				GCC_C_LANGUAGE_STANDARD = gnu11;
				GCC_NO_COMMON_BLOCKS = YES;
				GCC_WARN_64_TO_32_BIT_CONVERSION = YES;
				GCC_WARN_ABOUT_RETURN_TYPE = YES_ERROR;
				GCC_WARN_UNDECLARED_SELECTOR = YES;
				GCC_WARN_UNINITIALIZED_AUTOS = YES_AGGRESSIVE;
				GCC_WARN_UNUSED_FUNCTION = YES;
				GCC_WARN_UNUSED_VARIABLE = YES;
				IPHONEOS_DEPLOYMENT_TARGET = 11.1;
				MTL_ENABLE_DEBUG_INFO = NO;
				SDKROOT = iphoneos;
				SWIFT_OPTIMIZATION_LEVEL = "-Owholemodule";
				VALIDATE_PRODUCT = YES;
			};
			name = Release;
		};
		D6C35FF3202D58A200E97652 /* Debug */ = {
			isa = XCBuildConfiguration;
			buildSettings = {
				ASSETCATALOG_COMPILER_APPICON_NAME = AppIcon;
				CODE_SIGN_STYLE = Automatic;
				DEVELOPMENT_TEAM = PPLU8J5RDW;
				INFOPLIST_FILE = "Text Back App (Free)/Info.plist";
				LD_RUNPATH_SEARCH_PATHS = "$(inherited) @executable_path/Frameworks";
				PRODUCT_BUNDLE_IDENTIFIER = "com.kendalllewis.Text-Back-App--Free-";
				PRODUCT_NAME = "$(TARGET_NAME)";
				SWIFT_VERSION = 4.0;
				TARGETED_DEVICE_FAMILY = "1,2";
			};
			name = Debug;
		};
		D6C35FF4202D58A200E97652 /* Release */ = {
			isa = XCBuildConfiguration;
			buildSettings = {
				ASSETCATALOG_COMPILER_APPICON_NAME = AppIcon;
				CODE_SIGN_STYLE = Automatic;
				DEVELOPMENT_TEAM = PPLU8J5RDW;
				INFOPLIST_FILE = "Text Back App (Free)/Info.plist";
				LD_RUNPATH_SEARCH_PATHS = "$(inherited) @executable_path/Frameworks";
				PRODUCT_BUNDLE_IDENTIFIER = "com.kendalllewis.Text-Back-App--Free-";
				PRODUCT_NAME = "$(TARGET_NAME)";
				SWIFT_VERSION = 4.0;
				TARGETED_DEVICE_FAMILY = "1,2";
			};
			name = Release;
		};
		D6C35FF6202D58A200E97652 /* Debug */ = {
			isa = XCBuildConfiguration;
			buildSettings = {
				ALWAYS_EMBED_SWIFT_STANDARD_LIBRARIES = YES;
				BUNDLE_LOADER = "$(TEST_HOST)";
				CODE_SIGN_STYLE = Automatic;
				DEVELOPMENT_TEAM = PPLU8J5RDW;
				INFOPLIST_FILE = "Text Back App (Free)Tests/Info.plist";
				LD_RUNPATH_SEARCH_PATHS = "$(inherited) @executable_path/Frameworks @loader_path/Frameworks";
				PRODUCT_BUNDLE_IDENTIFIER = "com.kendalllewis.Text-Back-App--Free-Tests";
				PRODUCT_NAME = "$(TARGET_NAME)";
				SWIFT_VERSION = 4.0;
				TARGETED_DEVICE_FAMILY = "1,2";
				TEST_HOST = "$(BUILT_PRODUCTS_DIR)/Text Back App (Free).app/Text Back App (Free)";
			};
			name = Debug;
		};
		D6C35FF7202D58A200E97652 /* Release */ = {
			isa = XCBuildConfiguration;
			buildSettings = {
				ALWAYS_EMBED_SWIFT_STANDARD_LIBRARIES = YES;
				BUNDLE_LOADER = "$(TEST_HOST)";
				CODE_SIGN_STYLE = Automatic;
				DEVELOPMENT_TEAM = PPLU8J5RDW;
				INFOPLIST_FILE = "Text Back App (Free)Tests/Info.plist";
				LD_RUNPATH_SEARCH_PATHS = "$(inherited) @executable_path/Frameworks @loader_path/Frameworks";
				PRODUCT_BUNDLE_IDENTIFIER = "com.kendalllewis.Text-Back-App--Free-Tests";
				PRODUCT_NAME = "$(TARGET_NAME)";
				SWIFT_VERSION = 4.0;
				TARGETED_DEVICE_FAMILY = "1,2";
				TEST_HOST = "$(BUILT_PRODUCTS_DIR)/Text Back App (Free).app/Text Back App (Free)";
			};
			name = Release;
		};
		D6C35FF9202D58A200E97652 /* Debug */ = {
			isa = XCBuildConfiguration;
			buildSettings = {
				ALWAYS_EMBED_SWIFT_STANDARD_LIBRARIES = YES;
				CODE_SIGN_STYLE = Automatic;
				DEVELOPMENT_TEAM = PPLU8J5RDW;
				INFOPLIST_FILE = "Text Back App (Free)UITests/Info.plist";
				LD_RUNPATH_SEARCH_PATHS = "$(inherited) @executable_path/Frameworks @loader_path/Frameworks";
				PRODUCT_BUNDLE_IDENTIFIER = "com.kendalllewis.Text-Back-App--Free-UITests";
				PRODUCT_NAME = "$(TARGET_NAME)";
				SWIFT_VERSION = 4.0;
				TARGETED_DEVICE_FAMILY = "1,2";
				TEST_TARGET_NAME = "Text Back App (Free)";
			};
			name = Debug;
		};
		D6C35FFA202D58A200E97652 /* Release */ = {
			isa = XCBuildConfiguration;
			buildSettings = {
				ALWAYS_EMBED_SWIFT_STANDARD_LIBRARIES = YES;
				CODE_SIGN_STYLE = Automatic;
				DEVELOPMENT_TEAM = PPLU8J5RDW;
				INFOPLIST_FILE = "Text Back App (Free)UITests/Info.plist";
				LD_RUNPATH_SEARCH_PATHS = "$(inherited) @executable_path/Frameworks @loader_path/Frameworks";
				PRODUCT_BUNDLE_IDENTIFIER = "com.kendalllewis.Text-Back-App--Free-UITests";
				PRODUCT_NAME = "$(TARGET_NAME)";
				SWIFT_VERSION = 4.0;
				TARGETED_DEVICE_FAMILY = "1,2";
				TEST_TARGET_NAME = "Text Back App (Free)";
			};
			name = Release;
		};
/* End XCBuildConfiguration section */

/* Begin XCConfigurationList section */
		D6C35FC5202D58A100E97652 /* Build configuration list for PBXProject "Text Back App (Free)" */ = {
			isa = XCConfigurationList;
			buildConfigurations = (
				D6C35FF0202D58A200E97652 /* Debug */,
				D6C35FF1202D58A200E97652 /* Release */,
			);
			defaultConfigurationIsVisible = 0;
			defaultConfigurationName = Release;
		};
		D6C35FF2202D58A200E97652 /* Build configuration list for PBXNativeTarget "Text Back App (Free)" */ = {
			isa = XCConfigurationList;
			buildConfigurations = (
				D6C35FF3202D58A200E97652 /* Debug */,
				D6C35FF4202D58A200E97652 /* Release */,
			);
			defaultConfigurationIsVisible = 0;
			defaultConfigurationName = Release;
		};
		D6C35FF5202D58A200E97652 /* Build configuration list for PBXNativeTarget "Text Back App (Free)Tests" */ = {
			isa = XCConfigurationList;
			buildConfigurations = (
				D6C35FF6202D58A200E97652 /* Debug */,
				D6C35FF7202D58A200E97652 /* Release */,
			);
			defaultConfigurationIsVisible = 0;
			defaultConfigurationName = Release;
		};
		D6C35FF8202D58A200E97652 /* Build configuration list for PBXNativeTarget "Text Back App (Free)UITests" */ = {
			isa = XCConfigurationList;
			buildConfigurations = (
				D6C35FF9202D58A200E97652 /* Debug */,
				D6C35FFA202D58A200E97652 /* Release */,
			);
			defaultConfigurationIsVisible = 0;
			defaultConfigurationName = Release;
		};
/* End XCConfigurationList section */
	};
	rootObject = D6C35FC2202D58A100E97652 /* Project object */;
}
